
Microsoft Visual Studio Solution File, Format Version 12.00
# Visual Studio Version 16
VisualStudioVersion = 16.0.31515.178
MinimumVisualStudioVersion = 10.0.40219.1
Project("{FAE04EC0-301F-11D3-BF4B-00C04F79EFBC}") = "BlogAPIExample", "BlogAPIExample\BlogAPIExample.csproj", "{205DB090-3F0B-4C43-940C-36370F874B2A}"
EndProject
Global
	GlobalSection(SolutionConfigurationPlatforms) = preSolution
		Debug|Any CPU = Debug|Any CPU
		Release|Any CPU = Release|Any CPU
	EndGlobalSection
	GlobalSection(ProjectConfigurationPlatforms) = postSolution
		{205DB090-3F0B-4C43-940C-36370F874B2A}.Debug|Any CPU.ActiveCfg = Debug|Any CPU
		{205DB090-3F0B-4C43-940C-36370F874B2A}.Debug|Any CPU.Build.0 = Debug|Any CPU
		{205DB090-3F0B-4C43-940C-36370F874B2A}.Release|Any CPU.ActiveCfg = Release|Any CPU
		{205DB090-3F0B-4C43-940C-36370F874B2A}.Release|Any CPU.Build.0 = Release|Any CPU
	EndGlobalSection
	GlobalSection(SolutionProperties) = preSolution
		HideSolutionNode = FALSE
	EndGlobalSection
	GlobalSection(ExtensibilityGlobals) = postSolution
		SolutionGuid = {CBBEE2CB-E4EB-4425-8812-83C34C24B4A1}
	EndGlobalSection
EndGlobal
